
Microsoft Visual Studio Solution File, Format Version 12.00
# Visual Studio Version 17
VisualStudioVersion = 17.2.32630.192
MinimumVisualStudioVersion = 10.0.40219.1
Project("{FAE04EC0-301F-11D3-BF4B-00C04F79EFBC}") = "WpfApp11", "WpfApp11\WpfApp11.csproj", "{C64DBB52-D9E7-4CBC-8868-08DAAD839CEF}"
EndProject
Global
	GlobalSection(SolutionConfigurationPlatforms) = preSolution
		Debug|Any CPU = Debug|Any CPU
		Release|Any CPU = Release|Any CPU
	EndGlobalSection
	GlobalSection(ProjectConfigurationPlatforms) = postSolution
		{C64DBB52-D9E7-4CBC-8868-08DAAD839CEF}.Debug|Any CPU.ActiveCfg = Debug|Any CPU
		{C64DBB52-D9E7-4CBC-8868-08DAAD839CEF}.Debug|Any CPU.Build.0 = Debug|Any CPU
		{C64DBB52-D9E7-4CBC-8868-08DAAD839CEF}.Release|Any CPU.ActiveCfg = Release|Any CPU
		{C64DBB52-D9E7-4CBC-8868-08DAAD839CEF}.Release|Any CPU.Build.0 = Release|Any CPU
	EndGlobalSection
	GlobalSection(SolutionProperties) = preSolution
		HideSolutionNode = FALSE
	EndGlobalSection
	GlobalSection(ExtensibilityGlobals) = postSolution
		SolutionGuid = {32F011E4-3515-4264-9AEB-213FFE235AB6}
	EndGlobalSection
EndGlobal
